// !$*UTF8*$!
{
	archiveVersion = 1;
	classes = {
	};
	objectVersion = 50;
	objects = {

/* Begin PBXBuildFile section */
		C9B6099F22A48C5600226A94 /* NewViewController.swift in Sources */ = {isa = PBXBuildFile; fileRef = C9B6099E22A48C5600226A94 /* NewViewController.swift */; };
		C9B609A122A48EBF00226A94 /* ArtworkDistrict.swift in Sources */ = {isa = PBXBuildFile; fileRef = C9B609A022A48EBF00226A94 /* ArtworkDistrict.swift */; };
		C9B609A322A48EF400226A94 /* DistrictInfo.swift in Sources */ = {isa = PBXBuildFile; fileRef = C9B609A222A48EF400226A94 /* DistrictInfo.swift */; };
		C9B609A522A4900D00226A94 /* WeatherGetter.swift in Sources */ = {isa = PBXBuildFile; fileRef = C9B609A422A4900D00226A94 /* WeatherGetter.swift */; };
		C9DE636222A4603800BA69AC /* AppDelegate.swift in Sources */ = {isa = PBXBuildFile; fileRef = C9DE636122A4603800BA69AC /* AppDelegate.swift */; };
		C9DE636422A4603800BA69AC /* ViewController.swift in Sources */ = {isa = PBXBuildFile; fileRef = C9DE636322A4603800BA69AC /* ViewController.swift */; };
		C9DE636722A4603800BA69AC /* Main.storyboard in Resources */ = {isa = PBXBuildFile; fileRef = C9DE636522A4603800BA69AC /* Main.storyboard */; };
		C9DE636922A4604000BA69AC /* Assets.xcassets in Resources */ = {isa = PBXBuildFile; fileRef = C9DE636822A4604000BA69AC /* Assets.xcassets */; };
		C9DE636C22A4604000BA69AC /* LaunchScreen.storyboard in Resources */ = {isa = PBXBuildFile; fileRef = C9DE636A22A4604000BA69AC /* LaunchScreen.storyboard */; };
		C9DE637922A46D0D00BA69AC /* Model.xcdatamodeld in Sources */ = {isa = PBXBuildFile; fileRef = C9DE637722A46D0D00BA69AC /* Model.xcdatamodeld */; };
		C9DE637E22A46F2C00BA69AC /* Record+CoreDataClass.swift in Sources */ = {isa = PBXBuildFile; fileRef = C9DE637A22A46F2C00BA69AC /* Record+CoreDataClass.swift */; };
		C9DE637F22A46F2C00BA69AC /* Record+CoreDataProperties.swift in Sources */ = {isa = PBXBuildFile; fileRef = C9DE637B22A46F2C00BA69AC /* Record+CoreDataProperties.swift */; };
		C9DE638022A46F2C00BA69AC /* District+CoreDataClass.swift in Sources */ = {isa = PBXBuildFile; fileRef = C9DE637C22A46F2C00BA69AC /* District+CoreDataClass.swift */; };
		C9DE638122A46F2C00BA69AC /* District+CoreDataProperties.swift in Sources */ = {isa = PBXBuildFile; fileRef = C9DE637D22A46F2C00BA69AC /* District+CoreDataProperties.swift */; };
/* End PBXBuildFile section */

/* Begin PBXFileReference section */
		C9B6099E22A48C5600226A94 /* NewViewController.swift */ = {isa = PBXFileReference; lastKnownFileType = sourcecode.swift; name = NewViewController.swift; path = /Users/eliz/Desktop/TP/lab9/application_2/application_2/Controller/NewViewController.swift; sourceTree = "<absolute>"; };
		C9B609A022A48EBF00226A94 /* ArtworkDistrict.swift */ = {isa = PBXFileReference; fileEncoding = 4; lastKnownFileType = sourcecode.swift; path = ArtworkDistrict.swift; sourceTree = "<group>"; };
		C9B609A222A48EF400226A94 /* DistrictInfo.swift */ = {isa = PBXFileReference; lastKnownFileType = sourcecode.swift; path = DistrictInfo.swift; sourceTree = "<group>"; };
		C9B609A422A4900D00226A94 /* WeatherGetter.swift */ = {isa = PBXFileReference; lastKnownFileType = sourcecode.swift; path = WeatherGetter.swift; sourceTree = "<group>"; };
		C9DE635E22A4603800BA69AC /* application_2.app */ = {isa = PBXFileReference; explicitFileType = wrapper.application; includeInIndex = 0; path = application_2.app; sourceTree = BUILT_PRODUCTS_DIR; };
		C9DE636122A4603800BA69AC /* AppDelegate.swift */ = {isa = PBXFileReference; lastKnownFileType = sourcecode.swift; path = AppDelegate.swift; sourceTree = "<group>"; };
		C9DE636322A4603800BA69AC /* ViewController.swift */ = {isa = PBXFileReference; lastKnownFileType = sourcecode.swift; path = ViewController.swift; sourceTree = "<group>"; };
		C9DE636622A4603800BA69AC /* Base */ = {isa = PBXFileReference; lastKnownFileType = file.storyboard; name = Base; path = Base.lproj/Main.storyboard; sourceTree = "<group>"; };
		C9DE636822A4604000BA69AC /* Assets.xcassets */ = {isa = PBXFileReference; lastKnownFileType = folder.assetcatalog; path = Assets.xcassets; sourceTree = "<group>"; };
		C9DE636B22A4604000BA69AC /* Base */ = {isa = PBXFileReference; lastKnownFileType = file.storyboard; name = Base; path = Base.lproj/LaunchScreen.storyboard; sourceTree = "<group>"; };
		C9DE636D22A4604000BA69AC /* Info.plist */ = {isa = PBXFileReference; lastKnownFileType = text.plist.xml; path = Info.plist; sourceTree = "<group>"; };
		C9DE637822A46D0D00BA69AC /* Model.xcdatamodel */ = {isa = PBXFileReference; lastKnownFileType = wrapper.xcdatamodel; path = Model.xcdatamodel; sourceTree = "<group>"; };
		C9DE637A22A46F2C00BA69AC /* Record+CoreDataClass.swift */ = {isa = PBXFileReference; lastKnownFileType = sourcecode.swift; path = "Record+CoreDataClass.swift"; sourceTree = "<group>"; };
		C9DE637B22A46F2C00BA69AC /* Record+CoreDataProperties.swift */ = {isa = PBXFileReference; lastKnownFileType = sourcecode.swift; path = "Record+CoreDataProperties.swift"; sourceTree = "<group>"; };
		C9DE637C22A46F2C00BA69AC /* District+CoreDataClass.swift */ = {isa = PBXFileReference; lastKnownFileType = sourcecode.swift; path = "District+CoreDataClass.swift"; sourceTree = "<group>"; };
		C9DE637D22A46F2C00BA69AC /* District+CoreDataProperties.swift */ = {isa = PBXFileReference; lastKnownFileType = sourcecode.swift; path = "District+CoreDataProperties.swift"; sourceTree = "<group>"; };
/* End PBXFileReference section */

/* Begin PBXFrameworksBuildPhase section */
		C9DE635B22A4603800BA69AC /* Frameworks */ = {
			isa = PBXFrameworksBuildPhase;
			buildActionMask = 2147483647;
			files = (
			);
			runOnlyForDeploymentPostprocessing = 0;
		};
/* End PBXFrameworksBuildPhase section */

/* Begin PBXGroup section */
		C9DE635522A4603800BA69AC = {
			isa = PBXGroup;
			children = (
				C9DE637A22A46F2C00BA69AC /* Record+CoreDataClass.swift */,
				C9DE637B22A46F2C00BA69AC /* Record+CoreDataProperties.swift */,
				C9DE637C22A46F2C00BA69AC /* District+CoreDataClass.swift */,
				C9DE637D22A46F2C00BA69AC /* District+CoreDataProperties.swift */,
				C9DE637722A46D0D00BA69AC /* Model.xcdatamodeld */,
				C9DE636022A4603800BA69AC /* application_2 */,
				C9DE635F22A4603800BA69AC /* Products */,
			);
			sourceTree = "<group>";
		};
		C9DE635F22A4603800BA69AC /* Products */ = {
			isa = PBXGroup;
			children = (
				C9DE635E22A4603800BA69AC /* application_2.app */,
			);
			name = Products;
			sourceTree = "<group>";
		};
		C9DE636022A4603800BA69AC /* application_2 */ = {
			isa = PBXGroup;
			children = (
				C9DE637622A46C9000BA69AC /* Controller */,
				C9DE637522A46C8400BA69AC /* View */,
				C9DE637422A46C7300BA69AC /* Model */,
				C9DE636122A4603800BA69AC /* AppDelegate.swift */,
				C9DE636822A4604000BA69AC /* Assets.xcassets */,
				C9DE636D22A4604000BA69AC /* Info.plist */,
			);
			path = application_2;
			sourceTree = "<group>";
		};
		C9DE637422A46C7300BA69AC /* Model */ = {
			isa = PBXGroup;
			children = (
				C9B609A022A48EBF00226A94 /* ArtworkDistrict.swift */,
				C9B609A222A48EF400226A94 /* DistrictInfo.swift */,
				C9B609A422A4900D00226A94 /* WeatherGetter.swift */,
			);
			path = Model;
			sourceTree = "<group>";
		};
		C9DE637522A46C8400BA69AC /* View */ = {
			isa = PBXGroup;
			children = (
				C9DE636A22A4604000BA69AC /* LaunchScreen.storyboard */,
				C9DE636522A4603800BA69AC /* Main.storyboard */,
			);
			path = View;
			sourceTree = "<group>";
		};
		C9DE637622A46C9000BA69AC /* Controller */ = {
			isa = PBXGroup;
			children = (
				C9B6099E22A48C5600226A94 /* NewViewController.swift */,
				C9DE636322A4603800BA69AC /* ViewController.swift */,
			);
			path = Controller;
			sourceTree = "<group>";
		};
/* End PBXGroup section */

/* Begin PBXNativeTarget section */
		C9DE635D22A4603800BA69AC /* application_2 */ = {
			isa = PBXNativeTarget;
			buildConfigurationList = C9DE637022A4604000BA69AC /* Build configuration list for PBXNativeTarget "application_2" */;
			buildPhases = (
				C9DE635A22A4603800BA69AC /* Sources */,
				C9DE635B22A4603800BA69AC /* Frameworks */,
				C9DE635C22A4603800BA69AC /* Resources */,
			);
			buildRules = (
			);
			dependencies = (
			);
			name = application_2;
			productName = application_2;
			productReference = C9DE635E22A4603800BA69AC /* application_2.app */;
			productType = "com.apple.product-type.application";
		};
/* End PBXNativeTarget section */

/* Begin PBXProject section */
		C9DE635622A4603800BA69AC /* Project object */ = {
			isa = PBXProject;
			attributes = {
				LastSwiftUpdateCheck = 1010;
				LastUpgradeCheck = 1010;
				ORGANIZATIONNAME = "Lizaveta Rudzko";
				TargetAttributes = {
					C9DE635D22A4603800BA69AC = {
						CreatedOnToolsVersion = 10.1;
					};
				};
			};
			buildConfigurationList = C9DE635922A4603800BA69AC /* Build configuration list for PBXProject "application_2" */;
			compatibilityVersion = "Xcode 9.3";
			developmentRegion = en;
			hasScannedForEncodings = 0;
			knownRegions = (
				en,
				Base,
			);
			mainGroup = C9DE635522A4603800BA69AC;
			productRefGroup = C9DE635F22A4603800BA69AC /* Products */;
			projectDirPath = "";
			projectRoot = "";
			targets = (
				C9DE635D22A4603800BA69AC /* application_2 */,
			);
		};
/* End PBXProject section */

/* Begin PBXResourcesBuildPhase section */
		C9DE635C22A4603800BA69AC /* Resources */ = {
			isa = PBXResourcesBuildPhase;
			buildActionMask = 2147483647;
			files = (
				C9DE636C22A4604000BA69AC /* LaunchScreen.storyboard in Resources */,
				C9DE636922A4604000BA69AC /* Assets.xcassets in Resources */,
				C9DE636722A4603800BA69AC /* Main.storyboard in Resources */,
			);
			runOnlyForDeploymentPostprocessing = 0;
		};
/* End PBXResourcesBuildPhase section */

/* Begin PBXSourcesBuildPhase section */
		C9DE635A22A4603800BA69AC /* Sources */ = {
			isa = PBXSourcesBuildPhase;
			buildActionMask = 2147483647;
			files = (
				C9DE637F22A46F2C00BA69AC /* Record+CoreDataProperties.swift in Sources */,
				C9DE637E22A46F2C00BA69AC /* Record+CoreDataClass.swift in Sources */,
				C9DE638122A46F2C00BA69AC /* District+CoreDataProperties.swift in Sources */,
				C9B609A322A48EF400226A94 /* DistrictInfo.swift in Sources */,
				C9B6099F22A48C5600226A94 /* NewViewController.swift in Sources */,
				C9B609A122A48EBF00226A94 /* ArtworkDistrict.swift in Sources */,
				C9DE636422A4603800BA69AC /* ViewController.swift in Sources */,
				C9B609A522A4900D00226A94 /* WeatherGetter.swift in Sources */,
				C9DE636222A4603800BA69AC /* AppDelegate.swift in Sources */,
				C9DE637922A46D0D00BA69AC /* Model.xcdatamodeld in Sources */,
				C9DE638022A46F2C00BA69AC /* District+CoreDataClass.swift in Sources */,
			);
			runOnlyForDeploymentPostprocessing = 0;
		};
/* End PBXSourcesBuildPhase section */

/* Begin PBXVariantGroup section */
		C9DE636522A4603800BA69AC /* Main.storyboard */ = {
			isa = PBXVariantGroup;
			children = (
				C9DE636622A4603800BA69AC /* Base */,
			);
			name = Main.storyboard;
			sourceTree = "<group>";
		};
		C9DE636A22A4604000BA69AC /* LaunchScreen.storyboard */ = {
			isa = PBXVariantGroup;
			children = (
				C9DE636B22A4604000BA69AC /* Base */,
			);
			name = LaunchScreen.storyboard;
			sourceTree = "<group>";
		};
/* End PBXVariantGroup section */

/* Begin XCBuildConfiguration section */
		C9DE636E22A4604000BA69AC /* Debug */ = {
			isa = XCBuildConfiguration;
			buildSettings = {
				ALWAYS_SEARCH_USER_PATHS = NO;
				CLANG_ANALYZER_NONNULL = YES;
				CLANG_ANALYZER_NUMBER_OBJECT_CONVERSION = YES_AGGRESSIVE;
				CLANG_CXX_LANGUAGE_STANDARD = "gnu++14";
				CLANG_CXX_LIBRARY = "libc++";
				CLANG_ENABLE_MODULES = YES;
				CLANG_ENABLE_OBJC_ARC = YES;
				CLANG_ENABLE_OBJC_WEAK = YES;
				CLANG_WARN_BLOCK_CAPTURE_AUTORELEASING = YES;
				CLANG_WARN_BOOL_CONVERSION = YES;
				CLANG_WARN_COMMA = YES;
				CLANG_WARN_CONSTANT_CONVERSION = YES;
				CLANG_WARN_DEPRECATED_OBJC_IMPLEMENTATIONS = YES;
				CLANG_WARN_DIRECT_OBJC_ISA_USAGE = YES_ERROR;
				CLANG_WARN_DOCUMENTATION_COMMENTS = YES;
				CLANG_WARN_EMPTY_BODY = YES;
				CLANG_WARN_ENUM_CONVERSION = YES;
				CLANG_WARN_INFINITE_RECURSION = YES;
				CLANG_WARN_INT_CONVERSION = YES;
				CLANG_WARN_NON_LITERAL_NULL_CONVERSION = YES;
				CLANG_WARN_OBJC_IMPLICIT_RETAIN_SELF = YES;
				CLANG_WARN_OBJC_LITERAL_CONVERSION = YES;
				CLANG_WARN_OBJC_ROOT_CLASS = YES_ERROR;
				CLANG_WARN_RANGE_LOOP_ANALYSIS = YES;
				CLANG_WARN_STRICT_PROTOTYPES = YES;
				CLANG_WARN_SUSPICIOUS_MOVE = YES;
				CLANG_WARN_UNGUARDED_AVAILABILITY = YES_AGGRESSIVE;
				CLANG_WARN_UNREACHABLE_CODE = YES;
				CLANG_WARN__DUPLICATE_METHOD_MATCH = YES;
				CODE_SIGN_IDENTITY = "iPhone Developer";
				COPY_PHASE_STRIP = NO;
				DEBUG_INFORMATION_FORMAT = dwarf;
				ENABLE_STRICT_OBJC_MSGSEND = YES;
				ENABLE_TESTABILITY = YES;
				GCC_C_LANGUAGE_STANDARD = gnu11;
				GCC_DYNAMIC_NO_PIC = NO;
				GCC_NO_COMMON_BLOCKS = YES;
				GCC_OPTIMIZATION_LEVEL = 0;
				GCC_PREPROCESSOR_DEFINITIONS = (
					"DEBUG=1",
					"$(inherited)",
				);
				GCC_WARN_64_TO_32_BIT_CONVERSION = YES;
				GCC_WARN_ABOUT_RETURN_TYPE = YES_ERROR;
				GCC_WARN_UNDECLARED_SELECTOR = YES;
				GCC_WARN_UNINITIALIZED_AUTOS = YES_AGGRESSIVE;
				GCC_WARN_UNUSED_FUNCTION = YES;
				GCC_WARN_UNUSED_VARIABLE = YES;
				IPHONEOS_DEPLOYMENT_TARGET = 12.1;
				MTL_ENABLE_DEBUG_INFO = INCLUDE_SOURCE;
				MTL_FAST_MATH = YES;
				ONLY_ACTIVE_ARCH = YES;
				SDKROOT = iphoneos;
				SWIFT_ACTIVE_COMPILATION_CONDITIONS = DEBUG;
				SWIFT_OPTIMIZATION_LEVEL = "-Onone";
			};
			name = Debug;
		};
		C9DE636F22A4604000BA69AC /* Release */ = {
			isa = XCBuildConfiguration;
			buildSettings = {
				ALWAYS_SEARCH_USER_PATHS = NO;
				CLANG_ANALYZER_NONNULL = YES;
				CLANG_ANALYZER_NUMBER_OBJECT_CONVERSION = YES_AGGRESSIVE;
				CLANG_CXX_LANGUAGE_STANDARD = "gnu++14";
				CLANG_CXX_LIBRARY = "libc++";
				CLANG_ENABLE_MODULES = YES;
				CLANG_ENABLE_OBJC_ARC = YES;
				CLANG_ENABLE_OBJC_WEAK = YES;
				CLANG_WARN_BLOCK_CAPTURE_AUTORELEASING = YES;
				CLANG_WARN_BOOL_CONVERSION = YES;
				CLANG_WARN_COMMA = YES;
				CLANG_WARN_CONSTANT_CONVERSION = YES;
				CLANG_WARN_DEPRECATED_OBJC_IMPLEMENTATIONS = YES;
				CLANG_WARN_DIRECT_OBJC_ISA_USAGE = YES_ERROR;
				CLANG_WARN_DOCUMENTATION_COMMENTS = YES;
				CLANG_WARN_EMPTY_BODY = YES;
				CLANG_WARN_ENUM_CONVERSION = YES;
				CLANG_WARN_INFINITE_RECURSION = YES;
				CLANG_WARN_INT_CONVERSION = YES;
				CLANG_WARN_NON_LITERAL_NULL_CONVERSION = YES;
				CLANG_WARN_OBJC_IMPLICIT_RETAIN_SELF = YES;
				CLANG_WARN_OBJC_LITERAL_CONVERSION = YES;
				CLANG_WARN_OBJC_ROOT_CLASS = YES_ERROR;
				CLANG_WARN_RANGE_LOOP_ANALYSIS = YES;
				CLANG_WARN_STRICT_PROTOTYPES = YES;
				CLANG_WARN_SUSPICIOUS_MOVE = YES;
				CLANG_WARN_UNGUARDED_AVAILABILITY = YES_AGGRESSIVE;
				CLANG_WARN_UNREACHABLE_CODE = YES;
				CLANG_WARN__DUPLICATE_METHOD_MATCH = YES;
				CODE_SIGN_IDENTITY = "iPhone Developer";
				COPY_PHASE_STRIP = NO;
				DEBUG_INFORMATION_FORMAT = "dwarf-with-dsym";
				ENABLE_NS_ASSERTIONS = NO;
				ENABLE_STRICT_OBJC_MSGSEND = YES;
				GCC_C_LANGUAGE_STANDARD = gnu11;
				GCC_NO_COMMON_BLOCKS = YES;
				GCC_WARN_64_TO_32_BIT_CONVERSION = YES;
				GCC_WARN_ABOUT_RETURN_TYPE = YES_ERROR;
				GCC_WARN_UNDECLARED_SELECTOR = YES;
				GCC_WARN_UNINITIALIZED_AUTOS = YES_AGGRESSIVE;
				GCC_WARN_UNUSED_FUNCTION = YES;
				GCC_WARN_UNUSED_VARIABLE = YES;
				IPHONEOS_DEPLOYMENT_TARGET = 12.1;
				MTL_ENABLE_DEBUG_INFO = NO;
				MTL_FAST_MATH = YES;
				SDKROOT = iphoneos;
				SWIFT_COMPILATION_MODE = wholemodule;
				SWIFT_OPTIMIZATION_LEVEL = "-O";
				VALIDATE_PRODUCT = YES;
			};
			name = Release;
		};
		C9DE637122A4604000BA69AC /* Debug */ = {
			isa = XCBuildConfiguration;
			buildSettings = {
				ASSETCATALOG_COMPILER_APPICON_NAME = AppIcon;
				CODE_SIGN_STYLE = Automatic;
				DEVELOPMENT_TEAM = 9JR97RNFU5;
				INFOPLIST_FILE = application_2/Info.plist;
				LD_RUNPATH_SEARCH_PATHS = (
					"$(inherited)",
					"@executable_path/Frameworks",
				);
				PRODUCT_BUNDLE_IDENTIFIER = "Lizaveta-Rudzko.application-2";
				PRODUCT_NAME = "$(TARGET_NAME)";
				SWIFT_VERSION = 4.2;
				TARGETED_DEVICE_FAMILY = "1,2";
			};
			name = Debug;
		};
		C9DE637222A4604000BA69AC /* Release */ = {
			isa = XCBuildConfiguration;
			buildSettings = {
				ASSETCATALOG_COMPILER_APPICON_NAME = AppIcon;
				CODE_SIGN_STYLE = Automatic;
				DEVELOPMENT_TEAM = 9JR97RNFU5;
				INFOPLIST_FILE = application_2/Info.plist;
				LD_RUNPATH_SEARCH_PATHS = (
					"$(inherited)",
					"@executable_path/Frameworks",
				);
				PRODUCT_BUNDLE_IDENTIFIER = "Lizaveta-Rudzko.application-2";
				PRODUCT_NAME = "$(TARGET_NAME)";
				SWIFT_VERSION = 4.2;
				TARGETED_DEVICE_FAMILY = "1,2";
			};
			name = Release;
		};
/* End XCBuildConfiguration section */

/* Begin XCConfigurationList section */
		C9DE635922A4603800BA69AC /* Build configuration list for PBXProject "application_2" */ = {
			isa = XCConfigurationList;
			buildConfigurations = (
				C9DE636E22A4604000BA69AC /* Debug */,
				C9DE636F22A4604000BA69AC /* Release */,
			);
			defaultConfigurationIsVisible = 0;
			defaultConfigurationName = Release;
		};
		C9DE637022A4604000BA69AC /* Build configuration list for PBXNativeTarget "application_2" */ = {
			isa = XCConfigurationList;
			buildConfigurations = (
				C9DE637122A4604000BA69AC /* Debug */,
				C9DE637222A4604000BA69AC /* Release */,
			);
			defaultConfigurationIsVisible = 0;
			defaultConfigurationName = Release;
		};
/* End XCConfigurationList section */

/* Begin XCVersionGroup section */
		C9DE637722A46D0D00BA69AC /* Model.xcdatamodeld */ = {
			isa = XCVersionGroup;
			children = (
				C9DE637822A46D0D00BA69AC /* Model.xcdatamodel */,
			);
			currentVersion = C9DE637822A46D0D00BA69AC /* Model.xcdatamodel */;
			path = Model.xcdatamodeld;
			sourceTree = "<group>";
			versionGroupType = wrapper.xcdatamodel;
		};
/* End XCVersionGroup section */
	};
	rootObject = C9DE635622A4603800BA69AC /* Project object */;
}
